// !$*UTF8*$!
{
	archiveVersion = 1;
	classes = {
	};
	objectVersion = 51;
	objects = {

/* Begin PBXBuildFile section */
		121FF4990709374BA48EF2F2 /* Pods_PanViewDemo.framework in Frameworks */ = {isa = PBXBuildFile; fileRef = 63B03B782B798F91E6BBCBB2 /* Pods_PanViewDemo.framework */; };
		3F6528BF233CC465009F88C3 /* AppDelegate.m in Sources */ = {isa = PBXBuildFile; fileRef = 3F6528BE233CC465009F88C3 /* AppDelegate.m */; };
		3F6528C2233CC465009F88C3 /* SceneDelegate.m in Sources */ = {isa = PBXBuildFile; fileRef = 3F6528C1233CC465009F88C3 /* SceneDelegate.m */; };
		3F6528C5233CC465009F88C3 /* ViewController.m in Sources */ = {isa = PBXBuildFile; fileRef = 3F6528C4233CC465009F88C3 /* ViewController.m */; };
		3F6528C8233CC465009F88C3 /* Main.storyboard in Resources */ = {isa = PBXBuildFile; fileRef = 3F6528C6233CC465009F88C3 /* Main.storyboard */; };
		3F6528CA233CC466009F88C3 /* Assets.xcassets in Resources */ = {isa = PBXBuildFile; fileRef = 3F6528C9233CC466009F88C3 /* Assets.xcassets */; };
		3F6528CD233CC466009F88C3 /* LaunchScreen.storyboard in Resources */ = {isa = PBXBuildFile; fileRef = 3F6528CB233CC466009F88C3 /* LaunchScreen.storyboard */; };
		3F6528D0233CC466009F88C3 /* main.m in Sources */ = {isa = PBXBuildFile; fileRef = 3F6528CF233CC466009F88C3 /* main.m */; };
/* End PBXBuildFile section */

/* Begin PBXFileReference section */
		3F6528BA233CC465009F88C3 /* PanViewDemo.app */ = {isa = PBXFileReference; explicitFileType = wrapper.application; includeInIndex = 0; path = PanViewDemo.app; sourceTree = BUILT_PRODUCTS_DIR; };
		3F6528BD233CC465009F88C3 /* AppDelegate.h */ = {isa = PBXFileReference; lastKnownFileType = sourcecode.c.h; path = AppDelegate.h; sourceTree = "<group>"; };
		3F6528BE233CC465009F88C3 /* AppDelegate.m */ = {isa = PBXFileReference; lastKnownFileType = sourcecode.c.objc; path = AppDelegate.m; sourceTree = "<group>"; };
		3F6528C0233CC465009F88C3 /* SceneDelegate.h */ = {isa = PBXFileReference; lastKnownFileType = sourcecode.c.h; path = SceneDelegate.h; sourceTree = "<group>"; };
		3F6528C1233CC465009F88C3 /* SceneDelegate.m */ = {isa = PBXFileReference; lastKnownFileType = sourcecode.c.objc; path = SceneDelegate.m; sourceTree = "<group>"; };
		3F6528C3233CC465009F88C3 /* ViewController.h */ = {isa = PBXFileReference; lastKnownFileType = sourcecode.c.h; path = ViewController.h; sourceTree = "<group>"; };
		3F6528C4233CC465009F88C3 /* ViewController.m */ = {isa = PBXFileReference; lastKnownFileType = sourcecode.c.objc; path = ViewController.m; sourceTree = "<group>"; };
		3F6528C7233CC465009F88C3 /* Base */ = {isa = PBXFileReference; lastKnownFileType = file.storyboard; name = Base; path = Base.lproj/Main.storyboard; sourceTree = "<group>"; };
		3F6528C9233CC466009F88C3 /* Assets.xcassets */ = {isa = PBXFileReference; lastKnownFileType = folder.assetcatalog; path = Assets.xcassets; sourceTree = "<group>"; };
		3F6528CC233CC466009F88C3 /* Base */ = {isa = PBXFileReference; lastKnownFileType = file.storyboard; name = Base; path = Base.lproj/LaunchScreen.storyboard; sourceTree = "<group>"; };
		3F6528CE233CC466009F88C3 /* Info.plist */ = {isa = PBXFileReference; lastKnownFileType = text.plist.xml; path = Info.plist; sourceTree = "<group>"; };
		3F6528CF233CC466009F88C3 /* main.m */ = {isa = PBXFileReference; lastKnownFileType = sourcecode.c.objc; path = main.m; sourceTree = "<group>"; };
		48ECABA1354F87FA2461D7F9 /* Pods-PanViewDemo.debug.xcconfig */ = {isa = PBXFileReference; includeInIndex = 1; lastKnownFileType = text.xcconfig; name = "Pods-PanViewDemo.debug.xcconfig"; path = "Target Support Files/Pods-PanViewDemo/Pods-PanViewDemo.debug.xcconfig"; sourceTree = "<group>"; };
		495D2C9783A5C03CEBE48F90 /* Pods-PanViewDemo.release.xcconfig */ = {isa = PBXFileReference; includeInIndex = 1; lastKnownFileType = text.xcconfig; name = "Pods-PanViewDemo.release.xcconfig"; path = "Target Support Files/Pods-PanViewDemo/Pods-PanViewDemo.release.xcconfig"; sourceTree = "<group>"; };
		63B03B782B798F91E6BBCBB2 /* Pods_PanViewDemo.framework */ = {isa = PBXFileReference; explicitFileType = wrapper.framework; includeInIndex = 0; path = Pods_PanViewDemo.framework; sourceTree = BUILT_PRODUCTS_DIR; };
/* End PBXFileReference section */

/* Begin PBXFrameworksBuildPhase section */
		3F6528B7233CC465009F88C3 /* Frameworks */ = {
			isa = PBXFrameworksBuildPhase;
			buildActionMask = 2147483647;
			files = (
				121FF4990709374BA48EF2F2 /* Pods_PanViewDemo.framework in Frameworks */,
			);
			runOnlyForDeploymentPostprocessing = 0;
		};
/* End PBXFrameworksBuildPhase section */

/* Begin PBXGroup section */
		36591416357E5F14F368C7F1 /* Frameworks */ = {
			isa = PBXGroup;
			children = (
				63B03B782B798F91E6BBCBB2 /* Pods_PanViewDemo.framework */,
			);
			name = Frameworks;
			sourceTree = "<group>";
		};
		3F6528B1233CC465009F88C3 = {
			isa = PBXGroup;
			children = (
				3F6528BC233CC465009F88C3 /* PanViewDemo */,
				3F6528BB233CC465009F88C3 /* Products */,
				7E20C8E3222C136F6C3B7FD3 /* Pods */,
				36591416357E5F14F368C7F1 /* Frameworks */,
			);
			sourceTree = "<group>";
		};
		3F6528BB233CC465009F88C3 /* Products */ = {
			isa = PBXGroup;
			children = (
				3F6528BA233CC465009F88C3 /* PanViewDemo.app */,
			);
			name = Products;
			sourceTree = "<group>";
		};
		3F6528BC233CC465009F88C3 /* PanViewDemo */ = {
			isa = PBXGroup;
			children = (
				3F6528BD233CC465009F88C3 /* AppDelegate.h */,
				3F6528BE233CC465009F88C3 /* AppDelegate.m */,
				3F6528C0233CC465009F88C3 /* SceneDelegate.h */,
				3F6528C1233CC465009F88C3 /* SceneDelegate.m */,
				3F6528C3233CC465009F88C3 /* ViewController.h */,
				3F6528C4233CC465009F88C3 /* ViewController.m */,
				3F6528C6233CC465009F88C3 /* Main.storyboard */,
				3F6528C9233CC466009F88C3 /* Assets.xcassets */,
				3F6528CB233CC466009F88C3 /* LaunchScreen.storyboard */,
				3F6528CE233CC466009F88C3 /* Info.plist */,
				3F6528CF233CC466009F88C3 /* main.m */,
			);
			path = PanViewDemo;
			sourceTree = "<group>";
		};
		7E20C8E3222C136F6C3B7FD3 /* Pods */ = {
			isa = PBXGroup;
			children = (
				48ECABA1354F87FA2461D7F9 /* Pods-PanViewDemo.debug.xcconfig */,
				495D2C9783A5C03CEBE48F90 /* Pods-PanViewDemo.release.xcconfig */,
			);
			path = Pods;
			sourceTree = "<group>";
		};
/* End PBXGroup section */

/* Begin PBXNativeTarget section */
		3F6528B9233CC465009F88C3 /* PanViewDemo */ = {
			isa = PBXNativeTarget;
			buildConfigurationList = 3F6528D3233CC466009F88C3 /* Build configuration list for PBXNativeTarget "PanViewDemo" */;
			buildPhases = (
				6645225329C0F5229B75F349 /* [CP] Check Pods Manifest.lock */,
				3F6528B6233CC465009F88C3 /* Sources */,
				3F6528B7233CC465009F88C3 /* Frameworks */,
				3F6528B8233CC465009F88C3 /* Resources */,
				6CF0EE832848224C0D29C0F5 /* [CP] Embed Pods Frameworks */,
			);
			buildRules = (
			);
			dependencies = (
			);
			name = PanViewDemo;
			productName = PanViewDemo;
			productReference = 3F6528BA233CC465009F88C3 /* PanViewDemo.app */;
			productType = "com.apple.product-type.application";
		};
/* End PBXNativeTarget section */

/* Begin PBXProject section */
		3F6528B2233CC465009F88C3 /* Project object */ = {
			isa = PBXProject;
			attributes = {
				LastUpgradeCheck = 1100;
				ORGANIZATIONNAME = www.sunyazhou.com;
				TargetAttributes = {
					3F6528B9233CC465009F88C3 = {
						CreatedOnToolsVersion = 11.0;
					};
				};
			};
			buildConfigurationList = 3F6528B5233CC465009F88C3 /* Build configuration list for PBXProject "PanViewDemo" */;
			compatibilityVersion = "Xcode 9.3";
			developmentRegion = en;
			hasScannedForEncodings = 0;
			knownRegions = (
				en,
				Base,
			);
			mainGroup = 3F6528B1233CC465009F88C3;
			productRefGroup = 3F6528BB233CC465009F88C3 /* Products */;
			projectDirPath = "";
			projectRoot = "";
			targets = (
				3F6528B9233CC465009F88C3 /* PanViewDemo */,
			);
		};
/* End PBXProject section */

/* Begin PBXResourcesBuildPhase section */
		3F6528B8233CC465009F88C3 /* Resources */ = {
			isa = PBXResourcesBuildPhase;
			buildActionMask = 2147483647;
			files = (
				3F6528CD233CC466009F88C3 /* LaunchScreen.storyboard in Resources */,
				3F6528CA233CC466009F88C3 /* Assets.xcassets in Resources */,
				3F6528C8233CC465009F88C3 /* Main.storyboard in Resources */,
			);
			runOnlyForDeploymentPostprocessing = 0;
		};
/* End PBXResourcesBuildPhase section */

/* Begin PBXShellScriptBuildPhase section */
		6645225329C0F5229B75F349 /* [CP] Check Pods Manifest.lock */ = {
			isa = PBXShellScriptBuildPhase;
			buildActionMask = 2147483647;
			files = (
			);
			inputFileListPaths = (
			);
			inputPaths = (
				"${PODS_PODFILE_DIR_PATH}/Podfile.lock",
				"${PODS_ROOT}/Manifest.lock",
			);
			name = "[CP] Check Pods Manifest.lock";
			outputFileListPaths = (
			);
			outputPaths = (
				"$(DERIVED_FILE_DIR)/Pods-PanViewDemo-checkManifestLockResult.txt",
			);
			runOnlyForDeploymentPostprocessing = 0;
			shellPath = /bin/sh;
			shellScript = "diff \"${PODS_PODFILE_DIR_PATH}/Podfile.lock\" \"${PODS_ROOT}/Manifest.lock\" > /dev/null\nif [ $? != 0 ] ; then\n    # print error to STDERR\n    echo \"error: The sandbox is not in sync with the Podfile.lock. Run 'pod install' or update your CocoaPods installation.\" >&2\n    exit 1\nfi\n# This output is used by Xcode 'outputs' to avoid re-running this script phase.\necho \"SUCCESS\" > \"${SCRIPT_OUTPUT_FILE_0}\"\n";
			showEnvVarsInLog = 0;
		};
		6CF0EE832848224C0D29C0F5 /* [CP] Embed Pods Frameworks */ = {
			isa = PBXShellScriptBuildPhase;
			buildActionMask = 2147483647;
			files = (
			);
			inputFileListPaths = (
				"${PODS_ROOT}/Target Support Files/Pods-PanViewDemo/Pods-PanViewDemo-frameworks-${CONFIGURATION}-input-files.xcfilelist",
			);
			name = "[CP] Embed Pods Frameworks";
			outputFileListPaths = (
				"${PODS_ROOT}/Target Support Files/Pods-PanViewDemo/Pods-PanViewDemo-frameworks-${CONFIGURATION}-output-files.xcfilelist",
			);
			runOnlyForDeploymentPostprocessing = 0;
			shellPath = /bin/sh;
			shellScript = "\"${PODS_ROOT}/Target Support Files/Pods-PanViewDemo/Pods-PanViewDemo-frameworks.sh\"\n";
			showEnvVarsInLog = 0;
		};
/* End PBXShellScriptBuildPhase section */

/* Begin PBXSourcesBuildPhase section */
		3F6528B6233CC465009F88C3 /* Sources */ = {
			isa = PBXSourcesBuildPhase;
			buildActionMask = 2147483647;
			files = (
				3F6528C5233CC465009F88C3 /* ViewController.m in Sources */,
				3F6528BF233CC465009F88C3 /* AppDelegate.m in Sources */,
				3F6528D0233CC466009F88C3 /* main.m in Sources */,
				3F6528C2233CC465009F88C3 /* SceneDelegate.m in Sources */,
			);
			runOnlyForDeploymentPostprocessing = 0;
		};
/* End PBXSourcesBuildPhase section */

/* Begin PBXVariantGroup section */
		3F6528C6233CC465009F88C3 /* Main.storyboard */ = {
			isa = PBXVariantGroup;
			children = (
				3F6528C7233CC465009F88C3 /* Base */,
			);
			name = Main.storyboard;
			sourceTree = "<group>";
		};
		3F6528CB233CC466009F88C3 /* LaunchScreen.storyboard */ = {
			isa = PBXVariantGroup;
			children = (
				3F6528CC233CC466009F88C3 /* Base */,
			);
			name = LaunchScreen.storyboard;
			sourceTree = "<group>";
		};
/* End PBXVariantGroup section */

/* Begin XCBuildConfiguration section */
		3F6528D1233CC466009F88C3 /* Debug */ = {
			isa = XCBuildConfiguration;
			buildSettings = {
				ALWAYS_SEARCH_USER_PATHS = NO;
				CLANG_ANALYZER_NONNULL = YES;
				CLANG_ANALYZER_NUMBER_OBJECT_CONVERSION = YES_AGGRESSIVE;
				CLANG_CXX_LANGUAGE_STANDARD = "gnu++14";
				CLANG_CXX_LIBRARY = "libc++";
				CLANG_ENABLE_MODULES = YES;
				CLANG_ENABLE_OBJC_ARC = YES;
				CLANG_ENABLE_OBJC_WEAK = YES;
				CLANG_WARN_BLOCK_CAPTURE_AUTORELEASING = YES;
				CLANG_WARN_BOOL_CONVERSION = YES;
				CLANG_WARN_COMMA = YES;
				CLANG_WARN_CONSTANT_CONVERSION = YES;
				CLANG_WARN_DEPRECATED_OBJC_IMPLEMENTATIONS = YES;
				CLANG_WARN_DIRECT_OBJC_ISA_USAGE = YES_ERROR;
				CLANG_WARN_DOCUMENTATION_COMMENTS = YES;
				CLANG_WARN_EMPTY_BODY = YES;
				CLANG_WARN_ENUM_CONVERSION = YES;
				CLANG_WARN_INFINITE_RECURSION = YES;
				CLANG_WARN_INT_CONVERSION = YES;
				CLANG_WARN_NON_LITERAL_NULL_CONVERSION = YES;
				CLANG_WARN_OBJC_IMPLICIT_RETAIN_SELF = YES;
				CLANG_WARN_OBJC_LITERAL_CONVERSION = YES;
				CLANG_WARN_OBJC_ROOT_CLASS = YES_ERROR;
				CLANG_WARN_RANGE_LOOP_ANALYSIS = YES;
				CLANG_WARN_STRICT_PROTOTYPES = YES;
				CLANG_WARN_SUSPICIOUS_MOVE = YES;
				CLANG_WARN_UNGUARDED_AVAILABILITY = YES_AGGRESSIVE;
				CLANG_WARN_UNREACHABLE_CODE = YES;
				CLANG_WARN__DUPLICATE_METHOD_MATCH = YES;
				COPY_PHASE_STRIP = NO;
				DEBUG_INFORMATION_FORMAT = dwarf;
				ENABLE_STRICT_OBJC_MSGSEND = YES;
				ENABLE_TESTABILITY = YES;
				GCC_C_LANGUAGE_STANDARD = gnu11;
				GCC_DYNAMIC_NO_PIC = NO;
				GCC_NO_COMMON_BLOCKS = YES;
				GCC_OPTIMIZATION_LEVEL = 0;
				GCC_PREPROCESSOR_DEFINITIONS = (
					"DEBUG=1",
					"$(inherited)",
				);
				GCC_WARN_64_TO_32_BIT_CONVERSION = YES;
				GCC_WARN_ABOUT_RETURN_TYPE = YES_ERROR;
				GCC_WARN_UNDECLARED_SELECTOR = YES;
				GCC_WARN_UNINITIALIZED_AUTOS = YES_AGGRESSIVE;
				GCC_WARN_UNUSED_FUNCTION = YES;
				GCC_WARN_UNUSED_VARIABLE = YES;
				IPHONEOS_DEPLOYMENT_TARGET = 9.0;
				MTL_ENABLE_DEBUG_INFO = INCLUDE_SOURCE;
				MTL_FAST_MATH = YES;
				ONLY_ACTIVE_ARCH = YES;
				SDKROOT = iphoneos;
			};
			name = Debug;
		};
		3F6528D2233CC466009F88C3 /* Release */ = {
			isa = XCBuildConfiguration;
			buildSettings = {
				ALWAYS_SEARCH_USER_PATHS = NO;
				CLANG_ANALYZER_NONNULL = YES;
				CLANG_ANALYZER_NUMBER_OBJECT_CONVERSION = YES_AGGRESSIVE;
				CLANG_CXX_LANGUAGE_STANDARD = "gnu++14";
				CLANG_CXX_LIBRARY = "libc++";
				CLANG_ENABLE_MODULES = YES;
				CLANG_ENABLE_OBJC_ARC = YES;
				CLANG_ENABLE_OBJC_WEAK = YES;
				CLANG_WARN_BLOCK_CAPTURE_AUTORELEASING = YES;
				CLANG_WARN_BOOL_CONVERSION = YES;
				CLANG_WARN_COMMA = YES;
				CLANG_WARN_CONSTANT_CONVERSION = YES;
				CLANG_WARN_DEPRECATED_OBJC_IMPLEMENTATIONS = YES;
				CLANG_WARN_DIRECT_OBJC_ISA_USAGE = YES_ERROR;
				CLANG_WARN_DOCUMENTATION_COMMENTS = YES;
				CLANG_WARN_EMPTY_BODY = YES;
				CLANG_WARN_ENUM_CONVERSION = YES;
				CLANG_WARN_INFINITE_RECURSION = YES;
				CLANG_WARN_INT_CONVERSION = YES;
				CLANG_WARN_NON_LITERAL_NULL_CONVERSION = YES;
				CLANG_WARN_OBJC_IMPLICIT_RETAIN_SELF = YES;
				CLANG_WARN_OBJC_LITERAL_CONVERSION = YES;
				CLANG_WARN_OBJC_ROOT_CLASS = YES_ERROR;
				CLANG_WARN_RANGE_LOOP_ANALYSIS = YES;
				CLANG_WARN_STRICT_PROTOTYPES = YES;
				CLANG_WARN_SUSPICIOUS_MOVE = YES;
				CLANG_WARN_UNGUARDED_AVAILABILITY = YES_AGGRESSIVE;
				CLANG_WARN_UNREACHABLE_CODE = YES;
				CLANG_WARN__DUPLICATE_METHOD_MATCH = YES;
				COPY_PHASE_STRIP = NO;
				DEBUG_INFORMATION_FORMAT = "dwarf-with-dsym";
				ENABLE_NS_ASSERTIONS = NO;
				ENABLE_STRICT_OBJC_MSGSEND = YES;
				GCC_C_LANGUAGE_STANDARD = gnu11;
				GCC_NO_COMMON_BLOCKS = YES;
				GCC_WARN_64_TO_32_BIT_CONVERSION = YES;
				GCC_WARN_ABOUT_RETURN_TYPE = YES_ERROR;
				GCC_WARN_UNDECLARED_SELECTOR = YES;
				GCC_WARN_UNINITIALIZED_AUTOS = YES_AGGRESSIVE;
				GCC_WARN_UNUSED_FUNCTION = YES;
				GCC_WARN_UNUSED_VARIABLE = YES;
				IPHONEOS_DEPLOYMENT_TARGET = 9.0;
				MTL_ENABLE_DEBUG_INFO = NO;
				MTL_FAST_MATH = YES;
				SDKROOT = iphoneos;
				VALIDATE_PRODUCT = YES;
			};
			name = Release;
		};
		3F6528D4233CC466009F88C3 /* Debug */ = {
			isa = XCBuildConfiguration;
			baseConfigurationReference = 48ECABA1354F87FA2461D7F9 /* Pods-PanViewDemo.debug.xcconfig */;
			buildSettings = {
				ASSETCATALOG_COMPILER_APPICON_NAME = AppIcon;
				CODE_SIGN_STYLE = Automatic;
				DEVELOPMENT_TEAM = 2CD9DJMEZS;
				INFOPLIST_FILE = PanViewDemo/Info.plist;
				LD_RUNPATH_SEARCH_PATHS = (
					"$(inherited)",
					"@executable_path/Frameworks",
				);
				PRODUCT_BUNDLE_IDENTIFIER = com.sunyazhou.PanViewDemo;
				PRODUCT_NAME = "$(TARGET_NAME)";
				TARGETED_DEVICE_FAMILY = "1,2";
			};
			name = Debug;
		};
		3F6528D5233CC466009F88C3 /* Release */ = {
			isa = XCBuildConfiguration;
			baseConfigurationReference = 495D2C9783A5C03CEBE48F90 /* Pods-PanViewDemo.release.xcconfig */;
			buildSettings = {
				ASSETCATALOG_COMPILER_APPICON_NAME = AppIcon;
				CODE_SIGN_STYLE = Automatic;
				DEVELOPMENT_TEAM = 2CD9DJMEZS;
				INFOPLIST_FILE = PanViewDemo/Info.plist;
				LD_RUNPATH_SEARCH_PATHS = (
					"$(inherited)",
					"@executable_path/Frameworks",
				);
				PRODUCT_BUNDLE_IDENTIFIER = com.sunyazhou.PanViewDemo;
				PRODUCT_NAME = "$(TARGET_NAME)";
				TARGETED_DEVICE_FAMILY = "1,2";
			};
			name = Release;
		};
/* End XCBuildConfiguration section */

/* Begin XCConfigurationList section */
		3F6528B5233CC465009F88C3 /* Build configuration list for PBXProject "PanViewDemo" */ = {
			isa = XCConfigurationList;
			buildConfigurations = (
				3F6528D1233CC466009F88C3 /* Debug */,
				3F6528D2233CC466009F88C3 /* Release */,
			);
			defaultConfigurationIsVisible = 0;
			defaultConfigurationName = Release;
		};
		3F6528D3233CC466009F88C3 /* Build configuration list for PBXNativeTarget "PanViewDemo" */ = {
			isa = XCConfigurationList;
			buildConfigurations = (
				3F6528D4233CC466009F88C3 /* Debug */,
				3F6528D5233CC466009F88C3 /* Release */,
			);
			defaultConfigurationIsVisible = 0;
			defaultConfigurationName = Release;
		};
/* End XCConfigurationList section */
	};
	rootObject = 3F6528B2233CC465009F88C3 /* Project object */;
}
